
Microsoft Visual Studio Solution File, Format Version 12.00
# Visual Studio Version 17
VisualStudioVersion = 17.13.35931.197 d17.13
MinimumVisualStudioVersion = 10.0.40219.1
Project("{FAE04EC0-301F-11D3-BF4B-00C04F79EFBC}") = "poe_final", "poe_final.csproj", "{2FCE207D-65E9-41F3-ACEB-99B7F10DE7E5}"
EndProject
Global
	GlobalSection(SolutionConfigurationPlatforms) = preSolution
		Debug|Any CPU = Debug|Any CPU
		Release|Any CPU = Release|Any CPU
	EndGlobalSection
	GlobalSection(ProjectConfigurationPlatforms) = postSolution
		{2FCE207D-65E9-41F3-ACEB-99B7F10DE7E5}.Debug|Any CPU.ActiveCfg = Debug|Any CPU
		{2FCE207D-65E9-41F3-ACEB-99B7F10DE7E5}.Debug|Any CPU.Build.0 = Debug|Any CPU
		{2FCE207D-65E9-41F3-ACEB-99B7F10DE7E5}.Release|Any CPU.ActiveCfg = Release|Any CPU
		{2FCE207D-65E9-41F3-ACEB-99B7F10DE7E5}.Release|Any CPU.Build.0 = Release|Any CPU
	EndGlobalSection
	GlobalSection(SolutionProperties) = preSolution
		HideSolutionNode = FALSE
	EndGlobalSection
	GlobalSection(ExtensibilityGlobals) = postSolution
		SolutionGuid = {FFFBE405-9FEC-4ACE-AD15-2D33A8EE4094}
	EndGlobalSection
EndGlobal
